// !$*UTF8*$!
{
	archiveVersion = 1;
	classes = {
	};
	objectVersion = 50;
	objects = {

/* Begin PBXBuildFile section */
		BC1009C0BFFCA0BBFC0DC4AC /* libPods-Tempo-Task (iOS).a in Frameworks */ = {isa = PBXBuildFile; fileRef = 84BD9284EE1AB497A7AB460B /* libPods-Tempo-Task (iOS).a */; };
		C70E91522691F4D10013C90E /* AppDelegate.swift in Sources */ = {isa = PBXBuildFile; fileRef = C70E91512691F4D10013C90E /* AppDelegate.swift */; };
		C70E9156269206C70013C90E /* APIClient.swift in Sources */ = {isa = PBXBuildFile; fileRef = C70E9155269206C70013C90E /* APIClient.swift */; };
		C70E915A269279660013C90E /* Request.swift in Sources */ = {isa = PBXBuildFile; fileRef = C70E9159269279660013C90E /* Request.swift */; };
		C70E915D26927DAF0013C90E /* NewsRequest.swift in Sources */ = {isa = PBXBuildFile; fileRef = C70E915C26927DAF0013C90E /* NewsRequest.swift */; };
		C70E915F269309700013C90E /* NewsSource.swift in Sources */ = {isa = PBXBuildFile; fileRef = C70E915E269309700013C90E /* NewsSource.swift */; };
		C70E916126930A750013C90E /* Articles.swift in Sources */ = {isa = PBXBuildFile; fileRef = C70E916026930A750013C90E /* Articles.swift */; };
		C795D0342691A9180089E038 /* NewsViewController.swift in Sources */ = {isa = PBXBuildFile; fileRef = C795D0322691A9180089E038 /* NewsViewController.swift */; };
		C795D0352691A9180089E038 /* NewsViewController.xib in Resources */ = {isa = PBXBuildFile; fileRef = C795D0332691A9180089E038 /* NewsViewController.xib */; };
		C795D0382691A94F0089E038 /* NewsPresenter.swift in Sources */ = {isa = PBXBuildFile; fileRef = C795D0372691A94F0089E038 /* NewsPresenter.swift */; };
		C795D03B2691AB590089E038 /* NewsConfigurator.swift in Sources */ = {isa = PBXBuildFile; fileRef = C795D03A2691AB590089E038 /* NewsConfigurator.swift */; };
		C795D03E2691AD3A0089E038 /* NewsRouter.swift in Sources */ = {isa = PBXBuildFile; fileRef = C795D03D2691AD3A0089E038 /* NewsRouter.swift */; };
		C795D0402691BE130089E038 /* News.swift in Sources */ = {isa = PBXBuildFile; fileRef = C795D03F2691BE130089E038 /* News.swift */; };
		C795D04F2691D46D0089E038 /* NewsTableViewCell.swift in Sources */ = {isa = PBXBuildFile; fileRef = C795D04D2691D46D0089E038 /* NewsTableViewCell.swift */; };
		C795D0502691D46D0089E038 /* NewsTableViewCell.xib in Resources */ = {isa = PBXBuildFile; fileRef = C795D04E2691D46D0089E038 /* NewsTableViewCell.xib */; };
		C795D0532691DAC50089E038 /* NewsRepository.swift in Sources */ = {isa = PBXBuildFile; fileRef = C795D0522691DAC50089E038 /* NewsRepository.swift */; };
		C795D0562691DBC90089E038 /* LoadingIndicator.swift in Sources */ = {isa = PBXBuildFile; fileRef = C795D0552691DBC90089E038 /* LoadingIndicator.swift */; };
		C7B8783226908ED100AC65F1 /* Assets.xcassets in Resources */ = {isa = PBXBuildFile; fileRef = C7B8781D26908ED100AC65F1 /* Assets.xcassets */; };
/* End PBXBuildFile section */

/* Begin PBXFileReference section */
		31315AB17A56EB6871D30239 /* Pods-Tempo-Task (iOS).debug.xcconfig */ = {isa = PBXFileReference; includeInIndex = 1; lastKnownFileType = text.xcconfig; name = "Pods-Tempo-Task (iOS).debug.xcconfig"; path = "Target Support Files/Pods-Tempo-Task (iOS)/Pods-Tempo-Task (iOS).debug.xcconfig"; sourceTree = "<group>"; };
		84BD9284EE1AB497A7AB460B /* libPods-Tempo-Task (iOS).a */ = {isa = PBXFileReference; explicitFileType = archive.ar; includeInIndex = 0; path = "libPods-Tempo-Task (iOS).a"; sourceTree = BUILT_PRODUCTS_DIR; };
		B1B083EFEF51BA147B2C433F /* Pods-Tempo-Task (iOS).release.xcconfig */ = {isa = PBXFileReference; includeInIndex = 1; lastKnownFileType = text.xcconfig; name = "Pods-Tempo-Task (iOS).release.xcconfig"; path = "Target Support Files/Pods-Tempo-Task (iOS)/Pods-Tempo-Task (iOS).release.xcconfig"; sourceTree = "<group>"; };
		C70E91512691F4D10013C90E /* AppDelegate.swift */ = {isa = PBXFileReference; lastKnownFileType = sourcecode.swift; path = AppDelegate.swift; sourceTree = "<group>"; };
		C70E9155269206C70013C90E /* APIClient.swift */ = {isa = PBXFileReference; lastKnownFileType = sourcecode.swift; path = APIClient.swift; sourceTree = "<group>"; };
		C70E9159269279660013C90E /* Request.swift */ = {isa = PBXFileReference; lastKnownFileType = sourcecode.swift; path = Request.swift; sourceTree = "<group>"; };
		C70E915C26927DAF0013C90E /* NewsRequest.swift */ = {isa = PBXFileReference; lastKnownFileType = sourcecode.swift; path = NewsRequest.swift; sourceTree = "<group>"; };
		C70E915E269309700013C90E /* NewsSource.swift */ = {isa = PBXFileReference; lastKnownFileType = sourcecode.swift; path = NewsSource.swift; sourceTree = "<group>"; };
		C70E916026930A750013C90E /* Articles.swift */ = {isa = PBXFileReference; lastKnownFileType = sourcecode.swift; path = Articles.swift; sourceTree = "<group>"; };
		C795D0322691A9180089E038 /* NewsViewController.swift */ = {isa = PBXFileReference; lastKnownFileType = sourcecode.swift; path = NewsViewController.swift; sourceTree = "<group>"; };
		C795D0332691A9180089E038 /* NewsViewController.xib */ = {isa = PBXFileReference; lastKnownFileType = file.xib; path = NewsViewController.xib; sourceTree = "<group>"; };
		C795D0372691A94F0089E038 /* NewsPresenter.swift */ = {isa = PBXFileReference; lastKnownFileType = sourcecode.swift; path = NewsPresenter.swift; sourceTree = "<group>"; };
		C795D03A2691AB590089E038 /* NewsConfigurator.swift */ = {isa = PBXFileReference; lastKnownFileType = sourcecode.swift; path = NewsConfigurator.swift; sourceTree = "<group>"; };
		C795D03D2691AD3A0089E038 /* NewsRouter.swift */ = {isa = PBXFileReference; lastKnownFileType = sourcecode.swift; path = NewsRouter.swift; sourceTree = "<group>"; };
		C795D03F2691BE130089E038 /* News.swift */ = {isa = PBXFileReference; lastKnownFileType = sourcecode.swift; path = News.swift; sourceTree = "<group>"; };
		C795D04D2691D46D0089E038 /* NewsTableViewCell.swift */ = {isa = PBXFileReference; lastKnownFileType = sourcecode.swift; path = NewsTableViewCell.swift; sourceTree = "<group>"; };
		C795D04E2691D46D0089E038 /* NewsTableViewCell.xib */ = {isa = PBXFileReference; lastKnownFileType = file.xib; path = NewsTableViewCell.xib; sourceTree = "<group>"; };
		C795D0522691DAC50089E038 /* NewsRepository.swift */ = {isa = PBXFileReference; lastKnownFileType = sourcecode.swift; path = NewsRepository.swift; sourceTree = "<group>"; };
		C795D0552691DBC90089E038 /* LoadingIndicator.swift */ = {isa = PBXFileReference; lastKnownFileType = sourcecode.swift; path = LoadingIndicator.swift; sourceTree = "<group>"; };
		C7B8781D26908ED100AC65F1 /* Assets.xcassets */ = {isa = PBXFileReference; lastKnownFileType = folder.assetcatalog; path = Assets.xcassets; sourceTree = "<group>"; };
		C7B8782226908ED100AC65F1 /* Tempo-Task.app */ = {isa = PBXFileReference; explicitFileType = wrapper.application; includeInIndex = 0; path = "Tempo-Task.app"; sourceTree = BUILT_PRODUCTS_DIR; };
		C7B8782526908ED100AC65F1 /* Info.plist */ = {isa = PBXFileReference; lastKnownFileType = text.plist.xml; path = Info.plist; sourceTree = "<group>"; };
/* End PBXFileReference section */

/* Begin PBXFrameworksBuildPhase section */
		C7B8781F26908ED100AC65F1 /* Frameworks */ = {
			isa = PBXFrameworksBuildPhase;
			buildActionMask = 2147483647;
			files = (
				BC1009C0BFFCA0BBFC0DC4AC /* libPods-Tempo-Task (iOS).a in Frameworks */,
			);
			runOnlyForDeploymentPostprocessing = 0;
		};
/* End PBXFrameworksBuildPhase section */

/* Begin PBXGroup section */
		16D37DF5BF6F0AA948A9CC08 /* Pods */ = {
			isa = PBXGroup;
			children = (
				31315AB17A56EB6871D30239 /* Pods-Tempo-Task (iOS).debug.xcconfig */,
				B1B083EFEF51BA147B2C433F /* Pods-Tempo-Task (iOS).release.xcconfig */,
			);
			path = Pods;
			sourceTree = "<group>";
		};
		71EE18385ACEC5A822BDC5EB /* Frameworks */ = {
			isa = PBXGroup;
			children = (
				84BD9284EE1AB497A7AB460B /* libPods-Tempo-Task (iOS).a */,
			);
			name = Frameworks;
			sourceTree = "<group>";
		};
		C70E91502691F4C20013C90E /* App */ = {
			isa = PBXGroup;
			children = (
				C70E91512691F4D10013C90E /* AppDelegate.swift */,
			);
			path = App;
			sourceTree = "<group>";
		};
		C70E9153269206A00013C90E /* LoadingIndicator */ = {
			isa = PBXGroup;
			children = (
				C795D0552691DBC90089E038 /* LoadingIndicator.swift */,
			);
			path = LoadingIndicator;
			sourceTree = "<group>";
		};
		C70E9154269206B50013C90E /* APIClient */ = {
			isa = PBXGroup;
			children = (
				C70E9155269206C70013C90E /* APIClient.swift */,
			);
			path = APIClient;
			sourceTree = "<group>";
		};
		C70E91572692794C0013C90E /* Network */ = {
			isa = PBXGroup;
			children = (
				C70E9158269279550013C90E /* Request */,
				C70E9154269206B50013C90E /* APIClient */,
			);
			path = Network;
			sourceTree = "<group>";
		};
		C70E9158269279550013C90E /* Request */ = {
			isa = PBXGroup;
			children = (
				C70E9159269279660013C90E /* Request.swift */,
			);
			path = Request;
			sourceTree = "<group>";
		};
		C70E915B26927D9A0013C90E /* Request */ = {
			isa = PBXGroup;
			children = (
				C70E915C26927DAF0013C90E /* NewsRequest.swift */,
			);
			path = Request;
			sourceTree = "<group>";
		};
		C795D02E2691A8D30089E038 /* News */ = {
			isa = PBXGroup;
			children = (
				C795D03C2691AD290089E038 /* Router */,
				C795D0392691AB330089E038 /* Configurator */,
				C795D0362691A9340089E038 /* View */,
				C795D0312691A8EE0089E038 /* ViewController */,
				C795D02F2691A8E00089E038 /* Presenter */,
				C70E915B26927D9A0013C90E /* Request */,
				C795D0512691DAAD0089E038 /* Repository */,
				C795D0302691A8E80089E038 /* Model */,
			);
			path = News;
			sourceTree = "<group>";
		};
		C795D02F2691A8E00089E038 /* Presenter */ = {
			isa = PBXGroup;
			children = (
				C795D0372691A94F0089E038 /* NewsPresenter.swift */,
			);
			path = Presenter;
			sourceTree = "<group>";
		};
		C795D0302691A8E80089E038 /* Model */ = {
			isa = PBXGroup;
			children = (
				C795D03F2691BE130089E038 /* News.swift */,
				C70E915E269309700013C90E /* NewsSource.swift */,
				C70E916026930A750013C90E /* Articles.swift */,
			);
			path = Model;
			sourceTree = "<group>";
		};
		C795D0312691A8EE0089E038 /* ViewController */ = {
			isa = PBXGroup;
			children = (
				C795D0322691A9180089E038 /* NewsViewController.swift */,
			);
			path = ViewController;
			sourceTree = "<group>";
		};
		C795D0362691A9340089E038 /* View */ = {
			isa = PBXGroup;
			children = (
				C795D04C2691D45A0089E038 /* Cell */,
				C795D0332691A9180089E038 /* NewsViewController.xib */,
			);
			path = View;
			sourceTree = "<group>";
		};
		C795D0392691AB330089E038 /* Configurator */ = {
			isa = PBXGroup;
			children = (
				C795D03A2691AB590089E038 /* NewsConfigurator.swift */,
			);
			path = Configurator;
			sourceTree = "<group>";
		};
		C795D03C2691AD290089E038 /* Router */ = {
			isa = PBXGroup;
			children = (
				C795D03D2691AD3A0089E038 /* NewsRouter.swift */,
			);
			path = Router;
			sourceTree = "<group>";
		};
		C795D04C2691D45A0089E038 /* Cell */ = {
			isa = PBXGroup;
			children = (
				C795D04D2691D46D0089E038 /* NewsTableViewCell.swift */,
				C795D04E2691D46D0089E038 /* NewsTableViewCell.xib */,
			);
			path = Cell;
			sourceTree = "<group>";
		};
		C795D0512691DAAD0089E038 /* Repository */ = {
			isa = PBXGroup;
			children = (
				C795D0522691DAC50089E038 /* NewsRepository.swift */,
			);
			path = Repository;
			sourceTree = "<group>";
		};
		C795D0542691DBB20089E038 /* Core */ = {
			isa = PBXGroup;
			children = (
				C70E91572692794C0013C90E /* Network */,
				C70E9153269206A00013C90E /* LoadingIndicator */,
			);
			path = Core;
			sourceTree = "<group>";
		};
		C7B8781526908ED000AC65F1 = {
			isa = PBXGroup;
			children = (
				C7B8781A26908ED000AC65F1 /* Shared */,
				C7B8782426908ED100AC65F1 /* iOS */,
				C7B8782326908ED100AC65F1 /* Products */,
				16D37DF5BF6F0AA948A9CC08 /* Pods */,
				71EE18385ACEC5A822BDC5EB /* Frameworks */,
			);
			sourceTree = "<group>";
		};
		C7B8781A26908ED000AC65F1 /* Shared */ = {
			isa = PBXGroup;
			children = (
				C7B8781D26908ED100AC65F1 /* Assets.xcassets */,
			);
			path = Shared;
			sourceTree = "<group>";
		};
		C7B8782326908ED100AC65F1 /* Products */ = {
			isa = PBXGroup;
			children = (
				C7B8782226908ED100AC65F1 /* Tempo-Task.app */,
			);
			name = Products;
			sourceTree = "<group>";
		};
		C7B8782426908ED100AC65F1 /* iOS */ = {
			isa = PBXGroup;
			children = (
				C70E91502691F4C20013C90E /* App */,
				C795D0542691DBB20089E038 /* Core */,
				C795D02E2691A8D30089E038 /* News */,
				C7B8782526908ED100AC65F1 /* Info.plist */,
			);
			path = iOS;
			sourceTree = "<group>";
		};
/* End PBXGroup section */

/* Begin PBXNativeTarget section */
		C7B8782126908ED100AC65F1 /* Tempo-Task (iOS) */ = {
			isa = PBXNativeTarget;
			buildConfigurationList = C7B8783626908ED100AC65F1 /* Build configuration list for PBXNativeTarget "Tempo-Task (iOS)" */;
			buildPhases = (
				03BD592B8F1A544D21887972 /* [CP] Check Pods Manifest.lock */,
				C7B8781E26908ED100AC65F1 /* Sources */,
				C7B8781F26908ED100AC65F1 /* Frameworks */,
				C7B8782026908ED100AC65F1 /* Resources */,
			);
			buildRules = (
			);
			dependencies = (
			);
			name = "Tempo-Task (iOS)";
			productName = "Tempo-Task (iOS)";
			productReference = C7B8782226908ED100AC65F1 /* Tempo-Task.app */;
			productType = "com.apple.product-type.application";
		};
/* End PBXNativeTarget section */

/* Begin PBXProject section */
		C7B8781626908ED000AC65F1 /* Project object */ = {
			isa = PBXProject;
			attributes = {
				LastSwiftUpdateCheck = 1250;
				LastUpgradeCheck = 1250;
				TargetAttributes = {
					C7B8782126908ED100AC65F1 = {
						CreatedOnToolsVersion = 12.5.1;
					};
				};
			};
			buildConfigurationList = C7B8781926908ED000AC65F1 /* Build configuration list for PBXProject "Tempo-Task" */;
			compatibilityVersion = "Xcode 9.3";
			developmentRegion = en;
			hasScannedForEncodings = 0;
			knownRegions = (
				en,
				Base,
			);
			mainGroup = C7B8781526908ED000AC65F1;
			productRefGroup = C7B8782326908ED100AC65F1 /* Products */;
			projectDirPath = "";
			projectRoot = "";
			targets = (
				C7B8782126908ED100AC65F1 /* Tempo-Task (iOS) */,
			);
		};
/* End PBXProject section */

/* Begin PBXResourcesBuildPhase section */
		C7B8782026908ED100AC65F1 /* Resources */ = {
			isa = PBXResourcesBuildPhase;
			buildActionMask = 2147483647;
			files = (
				C7B8783226908ED100AC65F1 /* Assets.xcassets in Resources */,
				C795D0502691D46D0089E038 /* NewsTableViewCell.xib in Resources */,
				C795D0352691A9180089E038 /* NewsViewController.xib in Resources */,
			);
			runOnlyForDeploymentPostprocessing = 0;
		};
/* End PBXResourcesBuildPhase section */

/* Begin PBXShellScriptBuildPhase section */
		03BD592B8F1A544D21887972 /* [CP] Check Pods Manifest.lock */ = {
			isa = PBXShellScriptBuildPhase;
			buildActionMask = 2147483647;
			files = (
			);
			inputFileListPaths = (
			);
			inputPaths = (
				"${PODS_PODFILE_DIR_PATH}/Podfile.lock",
				"${PODS_ROOT}/Manifest.lock",
			);
			name = "[CP] Check Pods Manifest.lock";
			outputFileListPaths = (
			);
			outputPaths = (
				"$(DERIVED_FILE_DIR)/Pods-Tempo-Task (iOS)-checkManifestLockResult.txt",
			);
			runOnlyForDeploymentPostprocessing = 0;
			shellPath = /bin/sh;
			shellScript = "diff \"${PODS_PODFILE_DIR_PATH}/Podfile.lock\" \"${PODS_ROOT}/Manifest.lock\" > /dev/null\nif [ $? != 0 ] ; then\n    # print error to STDERR\n    echo \"error: The sandbox is not in sync with the Podfile.lock. Run 'pod install' or update your CocoaPods installation.\" >&2\n    exit 1\nfi\n# This output is used by Xcode 'outputs' to avoid re-running this script phase.\necho \"SUCCESS\" > \"${SCRIPT_OUTPUT_FILE_0}\"\n";
			showEnvVarsInLog = 0;
		};
/* End PBXShellScriptBuildPhase section */

/* Begin PBXSourcesBuildPhase section */
		C7B8781E26908ED100AC65F1 /* Sources */ = {
			isa = PBXSourcesBuildPhase;
			buildActionMask = 2147483647;
			files = (
				C70E916126930A750013C90E /* Articles.swift in Sources */,
				C70E91522691F4D10013C90E /* AppDelegate.swift in Sources */,
				C70E915A269279660013C90E /* Request.swift in Sources */,
				C70E915F269309700013C90E /* NewsSource.swift in Sources */,
				C70E915D26927DAF0013C90E /* NewsRequest.swift in Sources */,
				C795D0342691A9180089E038 /* NewsViewController.swift in Sources */,
				C795D03E2691AD3A0089E038 /* NewsRouter.swift in Sources */,
				C795D0562691DBC90089E038 /* LoadingIndicator.swift in Sources */,
				C795D04F2691D46D0089E038 /* NewsTableViewCell.swift in Sources */,
				C795D0402691BE130089E038 /* News.swift in Sources */,
				C795D0382691A94F0089E038 /* NewsPresenter.swift in Sources */,
				C795D03B2691AB590089E038 /* NewsConfigurator.swift in Sources */,
				C795D0532691DAC50089E038 /* NewsRepository.swift in Sources */,
				C70E9156269206C70013C90E /* APIClient.swift in Sources */,
			);
			runOnlyForDeploymentPostprocessing = 0;
		};
/* End PBXSourcesBuildPhase section */

/* Begin XCBuildConfiguration section */
		C7B8783426908ED100AC65F1 /* Debug */ = {
			isa = XCBuildConfiguration;
			buildSettings = {
				ALWAYS_SEARCH_USER_PATHS = NO;
				CLANG_ANALYZER_NONNULL = YES;
				CLANG_ANALYZER_NUMBER_OBJECT_CONVERSION = YES_AGGRESSIVE;
				CLANG_CXX_LANGUAGE_STANDARD = "gnu++14";
				CLANG_CXX_LIBRARY = "libc++";
				CLANG_ENABLE_MODULES = YES;
				CLANG_ENABLE_OBJC_ARC = YES;
				CLANG_ENABLE_OBJC_WEAK = YES;
				CLANG_WARN_BLOCK_CAPTURE_AUTORELEASING = YES;
				CLANG_WARN_BOOL_CONVERSION = YES;
				CLANG_WARN_COMMA = YES;
				CLANG_WARN_CONSTANT_CONVERSION = YES;
				CLANG_WARN_DEPRECATED_OBJC_IMPLEMENTATIONS = YES;
				CLANG_WARN_DIRECT_OBJC_ISA_USAGE = YES_ERROR;
				CLANG_WARN_DOCUMENTATION_COMMENTS = YES;
				CLANG_WARN_EMPTY_BODY = YES;
				CLANG_WARN_ENUM_CONVERSION = YES;
				CLANG_WARN_INFINITE_RECURSION = YES;
				CLANG_WARN_INT_CONVERSION = YES;
				CLANG_WARN_NON_LITERAL_NULL_CONVERSION = YES;
				CLANG_WARN_OBJC_IMPLICIT_RETAIN_SELF = YES;
				CLANG_WARN_OBJC_LITERAL_CONVERSION = YES;
				CLANG_WARN_OBJC_ROOT_CLASS = YES_ERROR;
				CLANG_WARN_QUOTED_INCLUDE_IN_FRAMEWORK_HEADER = YES;
				CLANG_WARN_RANGE_LOOP_ANALYSIS = YES;
				CLANG_WARN_STRICT_PROTOTYPES = YES;
				CLANG_WARN_SUSPICIOUS_MOVE = YES;
				CLANG_WARN_UNGUARDED_AVAILABILITY = YES_AGGRESSIVE;
				CLANG_WARN_UNREACHABLE_CODE = YES;
				CLANG_WARN__DUPLICATE_METHOD_MATCH = YES;
				COPY_PHASE_STRIP = NO;
				DEBUG_INFORMATION_FORMAT = dwarf;
				ENABLE_STRICT_OBJC_MSGSEND = YES;
				ENABLE_TESTABILITY = YES;
				GCC_C_LANGUAGE_STANDARD = gnu11;
				GCC_DYNAMIC_NO_PIC = NO;
				GCC_NO_COMMON_BLOCKS = YES;
				GCC_OPTIMIZATION_LEVEL = 0;
				GCC_PREPROCESSOR_DEFINITIONS = (
					"DEBUG=1",
					"$(inherited)",
				);
				GCC_WARN_64_TO_32_BIT_CONVERSION = YES;
				GCC_WARN_ABOUT_RETURN_TYPE = YES_ERROR;
				GCC_WARN_UNDECLARED_SELECTOR = YES;
				GCC_WARN_UNINITIALIZED_AUTOS = YES_AGGRESSIVE;
				GCC_WARN_UNUSED_FUNCTION = YES;
				GCC_WARN_UNUSED_VARIABLE = YES;
				MTL_ENABLE_DEBUG_INFO = INCLUDE_SOURCE;
				MTL_FAST_MATH = YES;
				ONLY_ACTIVE_ARCH = YES;
				SUPPORTED_PLATFORMS = "iphonesimulator iphoneos";
				SWIFT_ACTIVE_COMPILATION_CONDITIONS = DEBUG;
				SWIFT_OPTIMIZATION_LEVEL = "-Onone";
			};
			name = Debug;
		};
		C7B8783526908ED100AC65F1 /* Release */ = {
			isa = XCBuildConfiguration;
			buildSettings = {
				ALWAYS_SEARCH_USER_PATHS = NO;
				CLANG_ANALYZER_NONNULL = YES;
				CLANG_ANALYZER_NUMBER_OBJECT_CONVERSION = YES_AGGRESSIVE;
				CLANG_CXX_LANGUAGE_STANDARD = "gnu++14";
				CLANG_CXX_LIBRARY = "libc++";
				CLANG_ENABLE_MODULES = YES;
				CLANG_ENABLE_OBJC_ARC = YES;
				CLANG_ENABLE_OBJC_WEAK = YES;
				CLANG_WARN_BLOCK_CAPTURE_AUTORELEASING = YES;
				CLANG_WARN_BOOL_CONVERSION = YES;
				CLANG_WARN_COMMA = YES;
				CLANG_WARN_CONSTANT_CONVERSION = YES;
				CLANG_WARN_DEPRECATED_OBJC_IMPLEMENTATIONS = YES;
				CLANG_WARN_DIRECT_OBJC_ISA_USAGE = YES_ERROR;
				CLANG_WARN_DOCUMENTATION_COMMENTS = YES;
				CLANG_WARN_EMPTY_BODY = YES;
				CLANG_WARN_ENUM_CONVERSION = YES;
				CLANG_WARN_INFINITE_RECURSION = YES;
				CLANG_WARN_INT_CONVERSION = YES;
				CLANG_WARN_NON_LITERAL_NULL_CONVERSION = YES;
				CLANG_WARN_OBJC_IMPLICIT_RETAIN_SELF = YES;
				CLANG_WARN_OBJC_LITERAL_CONVERSION = YES;
				CLANG_WARN_OBJC_ROOT_CLASS = YES_ERROR;
				CLANG_WARN_QUOTED_INCLUDE_IN_FRAMEWORK_HEADER = YES;
				CLANG_WARN_RANGE_LOOP_ANALYSIS = YES;
				CLANG_WARN_STRICT_PROTOTYPES = YES;
				CLANG_WARN_SUSPICIOUS_MOVE = YES;
				CLANG_WARN_UNGUARDED_AVAILABILITY = YES_AGGRESSIVE;
				CLANG_WARN_UNREACHABLE_CODE = YES;
				CLANG_WARN__DUPLICATE_METHOD_MATCH = YES;
				COPY_PHASE_STRIP = NO;
				DEBUG_INFORMATION_FORMAT = "dwarf-with-dsym";
				ENABLE_NS_ASSERTIONS = NO;
				ENABLE_STRICT_OBJC_MSGSEND = YES;
				GCC_C_LANGUAGE_STANDARD = gnu11;
				GCC_NO_COMMON_BLOCKS = YES;
				GCC_WARN_64_TO_32_BIT_CONVERSION = YES;
				GCC_WARN_ABOUT_RETURN_TYPE = YES_ERROR;
				GCC_WARN_UNDECLARED_SELECTOR = YES;
				GCC_WARN_UNINITIALIZED_AUTOS = YES_AGGRESSIVE;
				GCC_WARN_UNUSED_FUNCTION = YES;
				GCC_WARN_UNUSED_VARIABLE = YES;
				MTL_ENABLE_DEBUG_INFO = NO;
				MTL_FAST_MATH = YES;
				SUPPORTED_PLATFORMS = "iphonesimulator iphoneos";
				SWIFT_COMPILATION_MODE = wholemodule;
				SWIFT_OPTIMIZATION_LEVEL = "-O";
			};
			name = Release;
		};
		C7B8783726908ED100AC65F1 /* Debug */ = {
			isa = XCBuildConfiguration;
			baseConfigurationReference = 31315AB17A56EB6871D30239 /* Pods-Tempo-Task (iOS).debug.xcconfig */;
			buildSettings = {
				ASSETCATALOG_COMPILER_APPICON_NAME = AppIcon;
				ASSETCATALOG_COMPILER_GLOBAL_ACCENT_COLOR_NAME = AccentColor;
				CODE_SIGN_STYLE = Automatic;
				ENABLE_PREVIEWS = YES;
				INFOPLIST_FILE = iOS/Info.plist;
				IPHONEOS_DEPLOYMENT_TARGET = 14.0;
				LD_RUNPATH_SEARCH_PATHS = (
					"$(inherited)",
					"@executable_path/Frameworks",
				);
				PRODUCT_BUNDLE_IDENTIFIER = "com.fadyramzy.Tempo-Task";
				PRODUCT_NAME = "Tempo-Task";
				SDKROOT = iphoneos;
				SWIFT_VERSION = 5.0;
				TARGETED_DEVICE_FAMILY = "1,2";
			};
			name = Debug;
		};
		C7B8783826908ED100AC65F1 /* Release */ = {
			isa = XCBuildConfiguration;
			baseConfigurationReference = B1B083EFEF51BA147B2C433F /* Pods-Tempo-Task (iOS).release.xcconfig */;
			buildSettings = {
				ASSETCATALOG_COMPILER_APPICON_NAME = AppIcon;
				ASSETCATALOG_COMPILER_GLOBAL_ACCENT_COLOR_NAME = AccentColor;
				CODE_SIGN_STYLE = Automatic;
				ENABLE_PREVIEWS = YES;
				INFOPLIST_FILE = iOS/Info.plist;
				IPHONEOS_DEPLOYMENT_TARGET = 14.0;
				LD_RUNPATH_SEARCH_PATHS = (
					"$(inherited)",
					"@executable_path/Frameworks",
				);
				PRODUCT_BUNDLE_IDENTIFIER = "com.fadyramzy.Tempo-Task";
				PRODUCT_NAME = "Tempo-Task";
				SDKROOT = iphoneos;
				SWIFT_VERSION = 5.0;
				TARGETED_DEVICE_FAMILY = "1,2";
				VALIDATE_PRODUCT = YES;
			};
			name = Release;
		};
/* End XCBuildConfiguration section */

/* Begin XCConfigurationList section */
		C7B8781926908ED000AC65F1 /* Build configuration list for PBXProject "Tempo-Task" */ = {
			isa = XCConfigurationList;
			buildConfigurations = (
				C7B8783426908ED100AC65F1 /* Debug */,
				C7B8783526908ED100AC65F1 /* Release */,
			);
			defaultConfigurationIsVisible = 0;
			defaultConfigurationName = Release;
		};
		C7B8783626908ED100AC65F1 /* Build configuration list for PBXNativeTarget "Tempo-Task (iOS)" */ = {
			isa = XCConfigurationList;
			buildConfigurations = (
				C7B8783726908ED100AC65F1 /* Debug */,
				C7B8783826908ED100AC65F1 /* Release */,
			);
			defaultConfigurationIsVisible = 0;
			defaultConfigurationName = Release;
		};
/* End XCConfigurationList section */
	};
	rootObject = C7B8781626908ED000AC65F1 /* Project object */;
}
